# This file is autogenerated, do not edit; changes may be undone by the next 'dep ensure'.


[[projects]]
  branch = "master"
  name = "github.com/clmul/go-windivert"
  packages = ["."]
  revision = "64b4d488f20d290d72c6db2168829c0cc9e8a2b6"

[[projects]]
  name = "github.com/coreos/go-iptables"
  packages = ["iptables"]
  revision = "259c8e6a4275d497442c721fa52204d7a58bde8b"
  version = "v0.2.0"

[[projects]]
  name = "github.com/google/gopacket"
  packages = [".","layers"]
  revision = "11c65f1ca9081dfea43b4f9643f5c155583b73ba"
  version = "v1.1.14"

[[projects]]
  branch = "master"
  name = "github.com/ilyaigpetrov/parse-tcp-go"
  packages = ["."]
  revision = "93ceddc6c7a74c7c561b4d2b65f52bb3b9520f68"

[[projects]]
  branch = "master"
  name = "github.com/zdannar/flogger"
  packages = ["."]
  revision = "f7a4368a7b39b40df927a8d508336d72a205db0f"

[[projects]]
  branch = "master"
  name = "golang.org/x/net"
  packages = ["bpf","http2","http2/hpack","idna","internal/iana","internal/socket","ipv4","lex/httplex"]
  revision = "ab555f366c4508dbe0802550b1b20c46c5c18aa0"

[[projects]]
  branch = "master"
  name = "golang.org/x/sys"
  packages = ["windows"]
  revision = "810d7000345868fc619eb81f46307107118f4ae1"

[[projects]]
  branch = "master"
  name = "golang.org/x/text"
  packages = ["collate","collate/build","internal/colltab","internal/gen","internal/tag","internal/triegen","internal/ucd","language","secure/bidirule","transform","unicode/bidi","unicode/cldr","unicode/norm","unicode/rangetable"]
  revision = "e19ae1496984b1c655b8044a65c0300a3c878dd3"

[[projects]]
  name = "gopkg.in/oleiade/reflections.v1"
  packages = ["."]
  revision = "2b6ec3da648e3e834dc41bad8d9ed7f2dc6a9496"
  version = "v1.0.0"

[solve-meta]
  analyzer-name = "dep"
  analyzer-version = 1
  inputs-digest = "7a90b88421a5b0e7cea2082e987231bb3d6c5a3007c774c051db0b45d5c65112"
  solver-name = "gps-cdcl"
  solver-version = 1
